# Qualified A1 transport inventory.  A5 offline/package qualification uses this
# lock with the retained wheelhouse; it is not an alternate installation path.
Bottle==0.13.4 --hash=sha256:045684fbd2764eac9cdeb824861d1551d113e8b683d8d26e296898d3dd99a12e
cheroot==11.1.2 --hash=sha256:0f6c0ba05c00fbc869fb46b1de4ec2384e1d85418ae963d3bc10ae83b688dbfa
jaraco.functools==4.6.0 --hash=sha256:99e3dc0060c5cbe8fcd1cdb36258e2a65ca40f1566b2033b12abb1bb44dd3c30
more-itertools==11.1.0 --hash=sha256:4b65538ae22f6fed0ce4874efd317463a7489796a0939fa66824dd542125a192
